
Microsoft Visual Studio Solution File, Format Version 12.00
# Visual Studio Version 16
VisualStudioVersion = 16.0.33529.622
MinimumVisualStudioVersion = 10.0.40219.1
Project("{FAE04EC0-301F-11D3-BF4B-00C04F79EFBC}") = "cityfmcodetests", "cityfmcodetests\cityfmcodetests.csproj", "{CADCF0FD-C38A-45CD-A57A-EB0757CE7FFE}"
EndProject
Global
	GlobalSection(SolutionConfigurationPlatforms) = preSolution
		Debug|Any CPU = Debug|Any CPU
		Release|Any CPU = Release|Any CPU
	EndGlobalSection
	GlobalSection(ProjectConfigurationPlatforms) = postSolution
		{CADCF0FD-C38A-45CD-A57A-EB0757CE7FFE}.Debug|Any CPU.ActiveCfg = Debug|Any CPU
		{CADCF0FD-C38A-45CD-A57A-EB0757CE7FFE}.Debug|Any CPU.Build.0 = Debug|Any CPU
		{CADCF0FD-C38A-45CD-A57A-EB0757CE7FFE}.Release|Any CPU.ActiveCfg = Release|Any CPU
		{CADCF0FD-C38A-45CD-A57A-EB0757CE7FFE}.Release|Any CPU.Build.0 = Release|Any CPU
	EndGlobalSection
	GlobalSection(SolutionProperties) = preSolution
		HideSolutionNode = FALSE
	EndGlobalSection
	GlobalSection(ExtensibilityGlobals) = postSolution
		SolutionGuid = {B9D96FD5-34C2-40A9-A62F-6045CD3C98AC}
	EndGlobalSection
EndGlobal
